
Microsoft Visual Studio Solution File, Format Version 12.00
# Visual Studio Version 16
VisualStudioVersion = 16.0.31205.134
MinimumVisualStudioVersion = 10.0.40219.1
Project("{FAE04EC0-301F-11D3-BF4B-00C04F79EFBC}") = "ProgLogicaArchivosBD", "ProgLogicaArchivosBD\ProgLogicaArchivosBD.csproj", "{55CA7DC8-7AD4-466D-B9FF-16A63F3F95F2}"
EndProject
Global
	GlobalSection(SolutionConfigurationPlatforms) = preSolution
		Debug|Any CPU = Debug|Any CPU
		Release|Any CPU = Release|Any CPU
	EndGlobalSection
	GlobalSection(ProjectConfigurationPlatforms) = postSolution
		{55CA7DC8-7AD4-466D-B9FF-16A63F3F95F2}.Debug|Any CPU.ActiveCfg = Debug|Any CPU
		{55CA7DC8-7AD4-466D-B9FF-16A63F3F95F2}.Debug|Any CPU.Build.0 = Debug|Any CPU
		{55CA7DC8-7AD4-466D-B9FF-16A63F3F95F2}.Release|Any CPU.ActiveCfg = Release|Any CPU
		{55CA7DC8-7AD4-466D-B9FF-16A63F3F95F2}.Release|Any CPU.Build.0 = Release|Any CPU
	EndGlobalSection
	GlobalSection(SolutionProperties) = preSolution
		HideSolutionNode = FALSE
	EndGlobalSection
	GlobalSection(ExtensibilityGlobals) = postSolution
		SolutionGuid = {2E0E6FDE-5EBF-4CA9-8634-C03977F0960B}
	EndGlobalSection
EndGlobal
